
Microsoft Visual Studio Solution File, Format Version 12.00
# Visual Studio Version 17
VisualStudioVersion = 17.10.35201.131
MinimumVisualStudioVersion = 10.0.40219.1
Project("{FAE04EC0-301F-11D3-BF4B-00C04F79EFBC}") = "advertising", "advertising\advertising.csproj", "{3B4649B3-856C-4038-B225-DC66FB058578}"
EndProject
Global
	GlobalSection(SolutionConfigurationPlatforms) = preSolution
		Debug|Any CPU = Debug|Any CPU
		Release|Any CPU = Release|Any CPU
	EndGlobalSection
	GlobalSection(ProjectConfigurationPlatforms) = postSolution
		{3B4649B3-856C-4038-B225-DC66FB058578}.Debug|Any CPU.ActiveCfg = Debug|Any CPU
		{3B4649B3-856C-4038-B225-DC66FB058578}.Debug|Any CPU.Build.0 = Debug|Any CPU
		{3B4649B3-856C-4038-B225-DC66FB058578}.Release|Any CPU.ActiveCfg = Release|Any CPU
		{3B4649B3-856C-4038-B225-DC66FB058578}.Release|Any CPU.Build.0 = Release|Any CPU
	EndGlobalSection
	GlobalSection(SolutionProperties) = preSolution
		HideSolutionNode = FALSE
	EndGlobalSection
	GlobalSection(ExtensibilityGlobals) = postSolution
		SolutionGuid = {AC35E1F7-DA71-4506-BE01-B752759B55AF}
	EndGlobalSection
EndGlobal
